// !$*UTF8*$!
{
	archiveVersion = 1;
	classes = {
	};
	objectVersion = 46;
	objects = {

/* Begin PBXBuildFile section */
		2A276F0D14618BD400D7BFE2 /* NSObject+SBJson.m in Sources */ = {isa = PBXBuildFile; fileRef = 2A276F0C14618BD400D7BFE2 /* NSObject+SBJson.m */; };
		2A276F2614618BDE00D7BFE2 /* SBJsonParser.m in Sources */ = {isa = PBXBuildFile; fileRef = 2A276F1114618BDE00D7BFE2 /* SBJsonParser.m */; };
		2A276F2714618BDE00D7BFE2 /* SBJsonStreamParser.m in Sources */ = {isa = PBXBuildFile; fileRef = 2A276F1314618BDE00D7BFE2 /* SBJsonStreamParser.m */; };
		2A276F2814618BDE00D7BFE2 /* SBJsonStreamParserAccumulator.m in Sources */ = {isa = PBXBuildFile; fileRef = 2A276F1514618BDE00D7BFE2 /* SBJsonStreamParserAccumulator.m */; };
		2A276F2914618BDE00D7BFE2 /* SBJsonStreamParserAdapter.m in Sources */ = {isa = PBXBuildFile; fileRef = 2A276F1714618BDE00D7BFE2 /* SBJsonStreamParserAdapter.m */; };
		2A276F2A14618BDE00D7BFE2 /* SBJsonStreamParserState.m in Sources */ = {isa = PBXBuildFile; fileRef = 2A276F1914618BDE00D7BFE2 /* SBJsonStreamParserState.m */; };
		2A276F2B14618BDE00D7BFE2 /* SBJsonStreamWriter.m in Sources */ = {isa = PBXBuildFile; fileRef = 2A276F1B14618BDE00D7BFE2 /* SBJsonStreamWriter.m */; };
		2A276F2C14618BDE00D7BFE2 /* SBJsonStreamWriterAccumulator.m in Sources */ = {isa = PBXBuildFile; fileRef = 2A276F1D14618BDE00D7BFE2 /* SBJsonStreamWriterAccumulator.m */; };
		2A276F2D14618BDE00D7BFE2 /* SBJsonStreamWriterState.m in Sources */ = {isa = PBXBuildFile; fileRef = 2A276F1F14618BDE00D7BFE2 /* SBJsonStreamWriterState.m */; };
		2A276F2E14618BDE00D7BFE2 /* SBJsonTokeniser.m in Sources */ = {isa = PBXBuildFile; fileRef = 2A276F2114618BDE00D7BFE2 /* SBJsonTokeniser.m */; };
		2A276F2F14618BDE00D7BFE2 /* SBJsonUTF8Stream.m in Sources */ = {isa = PBXBuildFile; fileRef = 2A276F2314618BDE00D7BFE2 /* SBJsonUTF8Stream.m */; };
		2A276F3014618BDE00D7BFE2 /* SBJsonWriter.m in Sources */ = {isa = PBXBuildFile; fileRef = 2A276F2514618BDE00D7BFE2 /* SBJsonWriter.m */; };
		2A276FCC14618F4800D7BFE2 /* Reachability.m in Sources */ = {isa = PBXBuildFile; fileRef = 2A276FCB14618F4800D7BFE2 /* Reachability.m */; settings = {COMPILER_FLAGS = "-fno-objc-arc"; }; };
		2A276FE314618F6700D7BFE2 /* ASIAuthenticationDialog.m in Sources */ = {isa = PBXBuildFile; fileRef = 2A276FCE14618F6700D7BFE2 /* ASIAuthenticationDialog.m */; settings = {COMPILER_FLAGS = "-fno-objc-arc"; }; };
		2A276FE414618F6700D7BFE2 /* ASIDataCompressor.m in Sources */ = {isa = PBXBuildFile; fileRef = 2A276FD114618F6700D7BFE2 /* ASIDataCompressor.m */; settings = {COMPILER_FLAGS = "-fno-objc-arc"; }; };
		2A276FE514618F6700D7BFE2 /* ASIDataDecompressor.m in Sources */ = {isa = PBXBuildFile; fileRef = 2A276FD314618F6700D7BFE2 /* ASIDataDecompressor.m */; settings = {COMPILER_FLAGS = "-fno-objc-arc"; }; };
		2A276FE614618F6700D7BFE2 /* ASIDownloadCache.m in Sources */ = {isa = PBXBuildFile; fileRef = 2A276FD514618F6700D7BFE2 /* ASIDownloadCache.m */; settings = {COMPILER_FLAGS = "-fno-objc-arc"; }; };
		2A276FE714618F6700D7BFE2 /* ASIFormDataRequest.m in Sources */ = {isa = PBXBuildFile; fileRef = 2A276FD714618F6700D7BFE2 /* ASIFormDataRequest.m */; settings = {COMPILER_FLAGS = "-fno-objc-arc"; }; };
		2A276FE814618F6700D7BFE2 /* ASIHTTPRequest.m in Sources */ = {isa = PBXBuildFile; fileRef = 2A276FD914618F6700D7BFE2 /* ASIHTTPRequest.m */; settings = {COMPILER_FLAGS = "-fno-objc-arc"; }; };
		2A276FE914618F6700D7BFE2 /* ASIInputStream.m in Sources */ = {isa = PBXBuildFile; fileRef = 2A276FDD14618F6700D7BFE2 /* ASIInputStream.m */; settings = {COMPILER_FLAGS = "-fno-objc-arc"; }; };
		2A276FEA14618F6700D7BFE2 /* ASINetworkQueue.m in Sources */ = {isa = PBXBuildFile; fileRef = 2A276FDF14618F6700D7BFE2 /* ASINetworkQueue.m */; settings = {COMPILER_FLAGS = "-fno-objc-arc"; }; };
		2A5C5334146195CA00C35082 /* MyLocation.m in Sources */ = {isa = PBXBuildFile; fileRef = 2A5C5333146195CA00C35082 /* MyLocation.m */; };
		2A7B6553146078DF005679FF /* UIKit.framework in Frameworks */ = {isa = PBXBuildFile; fileRef = 2A7B6552146078DF005679FF /* UIKit.framework */; };
		2A7B6555146078DF005679FF /* Foundation.framework in Frameworks */ = {isa = PBXBuildFile; fileRef = 2A7B6554146078DF005679FF /* Foundation.framework */; };
		2A7B6557146078DF005679FF /* CoreGraphics.framework in Frameworks */ = {isa = PBXBuildFile; fileRef = 2A7B6556146078DF005679FF /* CoreGraphics.framework */; };
		2A7B655D146078DF005679FF /* InfoPlist.strings in Resources */ = {isa = PBXBuildFile; fileRef = 2A7B655B146078DF005679FF /* InfoPlist.strings */; };
		2A7B655F146078DF005679FF /* main.m in Sources */ = {isa = PBXBuildFile; fileRef = 2A7B655E146078DF005679FF /* main.m */; };
		2A7B6563146078DF005679FF /* AppDelegate.m in Sources */ = {isa = PBXBuildFile; fileRef = 2A7B6562146078DF005679FF /* AppDelegate.m */; };
		2A7B6566146078DF005679FF /* MainStoryboard_iPhone.storyboard in Resources */ = {isa = PBXBuildFile; fileRef = 2A7B6564146078DF005679FF /* MainStoryboard_iPhone.storyboard */; };
		2A7B6569146078DF005679FF /* MainStoryboard_iPad.storyboard in Resources */ = {isa = PBXBuildFile; fileRef = 2A7B6567146078DF005679FF /* MainStoryboard_iPad.storyboard */; };
		2A7B656E146078DF005679FF /* first.png in Resources */ = {isa = PBXBuildFile; fileRef = 2A7B656D146078DF005679FF /* first.png */; };
		2A7B6570146078DF005679FF /* first@2x.png in Resources */ = {isa = PBXBuildFile; fileRef = 2A7B656F146078DF005679FF /* first@2x.png */; };
		2A7B6575146078DF005679FF /* second.png in Resources */ = {isa = PBXBuildFile; fileRef = 2A7B6574146078DF005679FF /* second.png */; };
		2A7B6577146078DF005679FF /* second@2x.png in Resources */ = {isa = PBXBuildFile; fileRef = 2A7B6576146078DF005679FF /* second@2x.png */; };
		2A7B657F14607ACC005679FF /* RinksViewController.m in Sources */ = {isa = PBXBuildFile; fileRef = 2A7B657E14607ACC005679FF /* RinksViewController.m */; settings = {COMPILER_FLAGS = "-fno-objc-arc"; }; };
		2A7B658214607ADD005679FF /* FiltersViewController.m in Sources */ = {isa = PBXBuildFile; fileRef = 2A7B658114607ADD005679FF /* FiltersViewController.m */; };
		2A7B658514607AEA005679FF /* AboutViewController.m in Sources */ = {isa = PBXBuildFile; fileRef = 2A7B658414607AEA005679FF /* AboutViewController.m */; };
		2A7B65871460810D005679FF /* MapKit.framework in Frameworks */ = {isa = PBXBuildFile; fileRef = 2A7B65861460810D005679FF /* MapKit.framework */; };
		2A7B6589146081E8005679FF /* CoreLocation.framework in Frameworks */ = {isa = PBXBuildFile; fileRef = 2A7B6588146081E8005679FF /* CoreLocation.framework */; };
		2A7B658C146082F4005679FF /* Map.m in Sources */ = {isa = PBXBuildFile; fileRef = 2A7B658B146082F4005679FF /* Map.m */; };
		2A7B658E14608FC5005679FF /* Twitter.framework in Frameworks */ = {isa = PBXBuildFile; fileRef = 2A7B658D14608FC4005679FF /* Twitter.framework */; };
		2A7B659014608FDE005679FF /* MobileCoreServices.framework in Frameworks */ = {isa = PBXBuildFile; fileRef = 2A7B658F14608FDE005679FF /* MobileCoreServices.framework */; };
		2A7B659214608FEB005679FF /* SystemConfiguration.framework in Frameworks */ = {isa = PBXBuildFile; fileRef = 2A7B659114608FEB005679FF /* SystemConfiguration.framework */; };
		2A7B65DB14609569005679FF /* CFNetwork.framework in Frameworks */ = {isa = PBXBuildFile; fileRef = 2A7B65DA14609569005679FF /* CFNetwork.framework */; };
		2A7B65DD1460957A005679FF /* libz.1.2.5.dylib in Frameworks */ = {isa = PBXBuildFile; fileRef = 2A7B65DC1460957A005679FF /* libz.1.2.5.dylib */; };
/* End PBXBuildFile section */

/* Begin PBXFileReference section */
		2A276F0B14618BD400D7BFE2 /* NSObject+SBJson.h */ = {isa = PBXFileReference; fileEncoding = 4; lastKnownFileType = sourcecode.c.h; path = "NSObject+SBJson.h"; sourceTree = "<group>"; };
		2A276F0C14618BD400D7BFE2 /* NSObject+SBJson.m */ = {isa = PBXFileReference; fileEncoding = 4; lastKnownFileType = sourcecode.c.objc; path = "NSObject+SBJson.m"; sourceTree = "<group>"; };
		2A276F0F14618BDE00D7BFE2 /* SBJson.h */ = {isa = PBXFileReference; fileEncoding = 4; lastKnownFileType = sourcecode.c.h; path = SBJson.h; sourceTree = "<group>"; };
		2A276F1014618BDE00D7BFE2 /* SBJsonParser.h */ = {isa = PBXFileReference; fileEncoding = 4; lastKnownFileType = sourcecode.c.h; path = SBJsonParser.h; sourceTree = "<group>"; };
		2A276F1114618BDE00D7BFE2 /* SBJsonParser.m */ = {isa = PBXFileReference; fileEncoding = 4; lastKnownFileType = sourcecode.c.objc; path = SBJsonParser.m; sourceTree = "<group>"; };
		2A276F1214618BDE00D7BFE2 /* SBJsonStreamParser.h */ = {isa = PBXFileReference; fileEncoding = 4; lastKnownFileType = sourcecode.c.h; path = SBJsonStreamParser.h; sourceTree = "<group>"; };
		2A276F1314618BDE00D7BFE2 /* SBJsonStreamParser.m */ = {isa = PBXFileReference; fileEncoding = 4; lastKnownFileType = sourcecode.c.objc; path = SBJsonStreamParser.m; sourceTree = "<group>"; };
		2A276F1414618BDE00D7BFE2 /* SBJsonStreamParserAccumulator.h */ = {isa = PBXFileReference; fileEncoding = 4; lastKnownFileType = sourcecode.c.h; path = SBJsonStreamParserAccumulator.h; sourceTree = "<group>"; };
		2A276F1514618BDE00D7BFE2 /* SBJsonStreamParserAccumulator.m */ = {isa = PBXFileReference; fileEncoding = 4; lastKnownFileType = sourcecode.c.objc; path = SBJsonStreamParserAccumulator.m; sourceTree = "<group>"; };
		2A276F1614618BDE00D7BFE2 /* SBJsonStreamParserAdapter.h */ = {isa = PBXFileReference; fileEncoding = 4; lastKnownFileType = sourcecode.c.h; path = SBJsonStreamParserAdapter.h; sourceTree = "<group>"; };
		2A276F1714618BDE00D7BFE2 /* SBJsonStreamParserAdapter.m */ = {isa = PBXFileReference; fileEncoding = 4; lastKnownFileType = sourcecode.c.objc; path = SBJsonStreamParserAdapter.m; sourceTree = "<group>"; };
		2A276F1814618BDE00D7BFE2 /* SBJsonStreamParserState.h */ = {isa = PBXFileReference; fileEncoding = 4; lastKnownFileType = sourcecode.c.h; path = SBJsonStreamParserState.h; sourceTree = "<group>"; };
		2A276F1914618BDE00D7BFE2 /* SBJsonStreamParserState.m */ = {isa = PBXFileReference; fileEncoding = 4; lastKnownFileType = sourcecode.c.objc; path = SBJsonStreamParserState.m; sourceTree = "<group>"; };
		2A276F1A14618BDE00D7BFE2 /* SBJsonStreamWriter.h */ = {isa = PBXFileReference; fileEncoding = 4; lastKnownFileType = sourcecode.c.h; path = SBJsonStreamWriter.h; sourceTree = "<group>"; };
		2A276F1B14618BDE00D7BFE2 /* SBJsonStreamWriter.m */ = {isa = PBXFileReference; fileEncoding = 4; lastKnownFileType = sourcecode.c.objc; path = SBJsonStreamWriter.m; sourceTree = "<group>"; };
		2A276F1C14618BDE00D7BFE2 /* SBJsonStreamWriterAccumulator.h */ = {isa = PBXFileReference; fileEncoding = 4; lastKnownFileType = sourcecode.c.h; path = SBJsonStreamWriterAccumulator.h; sourceTree = "<group>"; };
		2A276F1D14618BDE00D7BFE2 /* SBJsonStreamWriterAccumulator.m */ = {isa = PBXFileReference; fileEncoding = 4; lastKnownFileType = sourcecode.c.objc; path = SBJsonStreamWriterAccumulator.m; sourceTree = "<group>"; };
		2A276F1E14618BDE00D7BFE2 /* SBJsonStreamWriterState.h */ = {isa = PBXFileReference; fileEncoding = 4; lastKnownFileType = sourcecode.c.h; path = SBJsonStreamWriterState.h; sourceTree = "<group>"; };
		2A276F1F14618BDE00D7BFE2 /* SBJsonStreamWriterState.m */ = {isa = PBXFileReference; fileEncoding = 4; lastKnownFileType = sourcecode.c.objc; path = SBJsonStreamWriterState.m; sourceTree = "<group>"; };
		2A276F2014618BDE00D7BFE2 /* SBJsonTokeniser.h */ = {isa = PBXFileReference; fileEncoding = 4; lastKnownFileType = sourcecode.c.h; path = SBJsonTokeniser.h; sourceTree = "<group>"; };
		2A276F2114618BDE00D7BFE2 /* SBJsonTokeniser.m */ = {isa = PBXFileReference; fileEncoding = 4; lastKnownFileType = sourcecode.c.objc; path = SBJsonTokeniser.m; sourceTree = "<group>"; };
		2A276F2214618BDE00D7BFE2 /* SBJsonUTF8Stream.h */ = {isa = PBXFileReference; fileEncoding = 4; lastKnownFileType = sourcecode.c.h; path = SBJsonUTF8Stream.h; sourceTree = "<group>"; };
		2A276F2314618BDE00D7BFE2 /* SBJsonUTF8Stream.m */ = {isa = PBXFileReference; fileEncoding = 4; lastKnownFileType = sourcecode.c.objc; path = SBJsonUTF8Stream.m; sourceTree = "<group>"; };
		2A276F2414618BDE00D7BFE2 /* SBJsonWriter.h */ = {isa = PBXFileReference; fileEncoding = 4; lastKnownFileType = sourcecode.c.h; path = SBJsonWriter.h; sourceTree = "<group>"; };
		2A276F2514618BDE00D7BFE2 /* SBJsonWriter.m */ = {isa = PBXFileReference; fileEncoding = 4; lastKnownFileType = sourcecode.c.objc; path = SBJsonWriter.m; sourceTree = "<group>"; };
		2A276FCA14618F4800D7BFE2 /* Reachability.h */ = {isa = PBXFileReference; fileEncoding = 4; lastKnownFileType = sourcecode.c.h; path = Reachability.h; sourceTree = "<group>"; };
		2A276FCB14618F4800D7BFE2 /* Reachability.m */ = {isa = PBXFileReference; fileEncoding = 4; lastKnownFileType = sourcecode.c.objc; path = Reachability.m; sourceTree = "<group>"; };
		2A276FCD14618F6700D7BFE2 /* ASIAuthenticationDialog.h */ = {isa = PBXFileReference; fileEncoding = 4; lastKnownFileType = sourcecode.c.h; path = ASIAuthenticationDialog.h; sourceTree = "<group>"; };
		2A276FCE14618F6700D7BFE2 /* ASIAuthenticationDialog.m */ = {isa = PBXFileReference; fileEncoding = 4; lastKnownFileType = sourcecode.c.objc; path = ASIAuthenticationDialog.m; sourceTree = "<group>"; };
		2A276FCF14618F6700D7BFE2 /* ASICacheDelegate.h */ = {isa = PBXFileReference; fileEncoding = 4; lastKnownFileType = sourcecode.c.h; path = ASICacheDelegate.h; sourceTree = "<group>"; };
		2A276FD014618F6700D7BFE2 /* ASIDataCompressor.h */ = {isa = PBXFileReference; fileEncoding = 4; lastKnownFileType = sourcecode.c.h; path = ASIDataCompressor.h; sourceTree = "<group>"; };
		2A276FD114618F6700D7BFE2 /* ASIDataCompressor.m */ = {isa = PBXFileReference; fileEncoding = 4; lastKnownFileType = sourcecode.c.objc; path = ASIDataCompressor.m; sourceTree = "<group>"; };
		2A276FD214618F6700D7BFE2 /* ASIDataDecompressor.h */ = {isa = PBXFileReference; fileEncoding = 4; lastKnownFileType = sourcecode.c.h; path = ASIDataDecompressor.h; sourceTree = "<group>"; };
		2A276FD314618F6700D7BFE2 /* ASIDataDecompressor.m */ = {isa = PBXFileReference; fileEncoding = 4; lastKnownFileType = sourcecode.c.objc; path = ASIDataDecompressor.m; sourceTree = "<group>"; };
		2A276FD414618F6700D7BFE2 /* ASIDownloadCache.h */ = {isa = PBXFileReference; fileEncoding = 4; lastKnownFileType = sourcecode.c.h; path = ASIDownloadCache.h; sourceTree = "<group>"; };
		2A276FD514618F6700D7BFE2 /* ASIDownloadCache.m */ = {isa = PBXFileReference; fileEncoding = 4; lastKnownFileType = sourcecode.c.objc; path = ASIDownloadCache.m; sourceTree = "<group>"; };
		2A276FD614618F6700D7BFE2 /* ASIFormDataRequest.h */ = {isa = PBXFileReference; fileEncoding = 4; lastKnownFileType = sourcecode.c.h; path = ASIFormDataRequest.h; sourceTree = "<group>"; };
		2A276FD714618F6700D7BFE2 /* ASIFormDataRequest.m */ = {isa = PBXFileReference; fileEncoding = 4; lastKnownFileType = sourcecode.c.objc; path = ASIFormDataRequest.m; sourceTree = "<group>"; };
		2A276FD814618F6700D7BFE2 /* ASIHTTPRequest.h */ = {isa = PBXFileReference; fileEncoding = 4; lastKnownFileType = sourcecode.c.h; path = ASIHTTPRequest.h; sourceTree = "<group>"; };
		2A276FD914618F6700D7BFE2 /* ASIHTTPRequest.m */ = {isa = PBXFileReference; fileEncoding = 4; lastKnownFileType = sourcecode.c.objc; path = ASIHTTPRequest.m; sourceTree = "<group>"; };
		2A276FDA14618F6700D7BFE2 /* ASIHTTPRequestConfig.h */ = {isa = PBXFileReference; fileEncoding = 4; lastKnownFileType = sourcecode.c.h; path = ASIHTTPRequestConfig.h; sourceTree = "<group>"; };
		2A276FDB14618F6700D7BFE2 /* ASIHTTPRequestDelegate.h */ = {isa = PBXFileReference; fileEncoding = 4; lastKnownFileType = sourcecode.c.h; path = ASIHTTPRequestDelegate.h; sourceTree = "<group>"; };
		2A276FDC14618F6700D7BFE2 /* ASIInputStream.h */ = {isa = PBXFileReference; fileEncoding = 4; lastKnownFileType = sourcecode.c.h; path = ASIInputStream.h; sourceTree = "<group>"; };
		2A276FDD14618F6700D7BFE2 /* ASIInputStream.m */ = {isa = PBXFileReference; fileEncoding = 4; lastKnownFileType = sourcecode.c.objc; path = ASIInputStream.m; sourceTree = "<group>"; };
		2A276FDE14618F6700D7BFE2 /* ASINetworkQueue.h */ = {isa = PBXFileReference; fileEncoding = 4; lastKnownFileType = sourcecode.c.h; path = ASINetworkQueue.h; sourceTree = "<group>"; };
		2A276FDF14618F6700D7BFE2 /* ASINetworkQueue.m */ = {isa = PBXFileReference; fileEncoding = 4; lastKnownFileType = sourcecode.c.objc; path = ASINetworkQueue.m; sourceTree = "<group>"; };
		2A276FE014618F6700D7BFE2 /* ASIProgressDelegate.h */ = {isa = PBXFileReference; fileEncoding = 4; lastKnownFileType = sourcecode.c.h; path = ASIProgressDelegate.h; sourceTree = "<group>"; };
		2A5C5332146195CA00C35082 /* MyLocation.h */ = {isa = PBXFileReference; fileEncoding = 4; lastKnownFileType = sourcecode.c.h; path = MyLocation.h; sourceTree = "<group>"; };
		2A5C5333146195CA00C35082 /* MyLocation.m */ = {isa = PBXFileReference; fileEncoding = 4; lastKnownFileType = sourcecode.c.objc; path = MyLocation.m; sourceTree = "<group>"; };
		2A7B654E146078DF005679FF /* RinksideDev2.app */ = {isa = PBXFileReference; explicitFileType = wrapper.application; includeInIndex = 0; path = RinksideDev2.app; sourceTree = BUILT_PRODUCTS_DIR; };
		2A7B6552146078DF005679FF /* UIKit.framework */ = {isa = PBXFileReference; lastKnownFileType = wrapper.framework; name = UIKit.framework; path = System/Library/Frameworks/UIKit.framework; sourceTree = SDKROOT; };
		2A7B6554146078DF005679FF /* Foundation.framework */ = {isa = PBXFileReference; lastKnownFileType = wrapper.framework; name = Foundation.framework; path = System/Library/Frameworks/Foundation.framework; sourceTree = SDKROOT; };
		2A7B6556146078DF005679FF /* CoreGraphics.framework */ = {isa = PBXFileReference; lastKnownFileType = wrapper.framework; name = CoreGraphics.framework; path = System/Library/Frameworks/CoreGraphics.framework; sourceTree = SDKROOT; };
		2A7B655A146078DF005679FF /* RinksideDev2-Info.plist */ = {isa = PBXFileReference; lastKnownFileType = text.plist.xml; path = "RinksideDev2-Info.plist"; sourceTree = "<group>"; };
		2A7B655C146078DF005679FF /* en */ = {isa = PBXFileReference; lastKnownFileType = text.plist.strings; name = en; path = en.lproj/InfoPlist.strings; sourceTree = "<group>"; };
		2A7B655E146078DF005679FF /* main.m */ = {isa = PBXFileReference; lastKnownFileType = sourcecode.c.objc; path = main.m; sourceTree = "<group>"; };
		2A7B6560146078DF005679FF /* RinksideDev2-Prefix.pch */ = {isa = PBXFileReference; lastKnownFileType = sourcecode.c.h; path = "RinksideDev2-Prefix.pch"; sourceTree = "<group>"; };
		2A7B6561146078DF005679FF /* AppDelegate.h */ = {isa = PBXFileReference; lastKnownFileType = sourcecode.c.h; path = AppDelegate.h; sourceTree = "<group>"; };
		2A7B6562146078DF005679FF /* AppDelegate.m */ = {isa = PBXFileReference; lastKnownFileType = sourcecode.c.objc; path = AppDelegate.m; sourceTree = "<group>"; };
		2A7B6565146078DF005679FF /* en */ = {isa = PBXFileReference; lastKnownFileType = file.storyboard; name = en; path = en.lproj/MainStoryboard_iPhone.storyboard; sourceTree = "<group>"; };
		2A7B6568146078DF005679FF /* en */ = {isa = PBXFileReference; lastKnownFileType = file.storyboard; name = en; path = en.lproj/MainStoryboard_iPad.storyboard; sourceTree = "<group>"; };
		2A7B656D146078DF005679FF /* first.png */ = {isa = PBXFileReference; lastKnownFileType = image.png; path = first.png; sourceTree = "<group>"; };
		2A7B656F146078DF005679FF /* first@2x.png */ = {isa = PBXFileReference; lastKnownFileType = image.png; path = "first@2x.png"; sourceTree = "<group>"; };
		2A7B6574146078DF005679FF /* second.png */ = {isa = PBXFileReference; lastKnownFileType = image.png; path = second.png; sourceTree = "<group>"; };
		2A7B6576146078DF005679FF /* second@2x.png */ = {isa = PBXFileReference; lastKnownFileType = image.png; path = "second@2x.png"; sourceTree = "<group>"; };
		2A7B657D14607ACC005679FF /* RinksViewController.h */ = {isa = PBXFileReference; fileEncoding = 4; lastKnownFileType = sourcecode.c.h; path = RinksViewController.h; sourceTree = "<group>"; };
		2A7B657E14607ACC005679FF /* RinksViewController.m */ = {isa = PBXFileReference; fileEncoding = 4; lastKnownFileType = sourcecode.c.objc; path = RinksViewController.m; sourceTree = "<group>"; };
		2A7B658014607ADD005679FF /* FiltersViewController.h */ = {isa = PBXFileReference; fileEncoding = 4; lastKnownFileType = sourcecode.c.h; path = FiltersViewController.h; sourceTree = "<group>"; };
		2A7B658114607ADD005679FF /* FiltersViewController.m */ = {isa = PBXFileReference; fileEncoding = 4; lastKnownFileType = sourcecode.c.objc; path = FiltersViewController.m; sourceTree = "<group>"; };
		2A7B658314607AEA005679FF /* AboutViewController.h */ = {isa = PBXFileReference; fileEncoding = 4; lastKnownFileType = sourcecode.c.h; path = AboutViewController.h; sourceTree = "<group>"; };
		2A7B658414607AEA005679FF /* AboutViewController.m */ = {isa = PBXFileReference; fileEncoding = 4; lastKnownFileType = sourcecode.c.objc; path = AboutViewController.m; sourceTree = "<group>"; };
		2A7B65861460810D005679FF /* MapKit.framework */ = {isa = PBXFileReference; lastKnownFileType = wrapper.framework; name = MapKit.framework; path = System/Library/Frameworks/MapKit.framework; sourceTree = SDKROOT; };
		2A7B6588146081E8005679FF /* CoreLocation.framework */ = {isa = PBXFileReference; lastKnownFileType = wrapper.framework; name = CoreLocation.framework; path = System/Library/Frameworks/CoreLocation.framework; sourceTree = SDKROOT; };
		2A7B658A146082F4005679FF /* Map.h */ = {isa = PBXFileReference; fileEncoding = 4; lastKnownFileType = sourcecode.c.h; path = Map.h; sourceTree = "<group>"; };
		2A7B658B146082F4005679FF /* Map.m */ = {isa = PBXFileReference; fileEncoding = 4; lastKnownFileType = sourcecode.c.objc; path = Map.m; sourceTree = "<group>"; };
		2A7B658D14608FC4005679FF /* Twitter.framework */ = {isa = PBXFileReference; lastKnownFileType = wrapper.framework; name = Twitter.framework; path = System/Library/Frameworks/Twitter.framework; sourceTree = SDKROOT; };
		2A7B658F14608FDE005679FF /* MobileCoreServices.framework */ = {isa = PBXFileReference; lastKnownFileType = wrapper.framework; name = MobileCoreServices.framework; path = System/Library/Frameworks/MobileCoreServices.framework; sourceTree = SDKROOT; };
		2A7B659114608FEB005679FF /* SystemConfiguration.framework */ = {isa = PBXFileReference; lastKnownFileType = wrapper.framework; name = SystemConfiguration.framework; path = System/Library/Frameworks/SystemConfiguration.framework; sourceTree = SDKROOT; };
		2A7B65DA14609569005679FF /* CFNetwork.framework */ = {isa = PBXFileReference; lastKnownFileType = wrapper.framework; name = CFNetwork.framework; path = System/Library/Frameworks/CFNetwork.framework; sourceTree = SDKROOT; };
		2A7B65DC1460957A005679FF /* libz.1.2.5.dylib */ = {isa = PBXFileReference; lastKnownFileType = "compiled.mach-o.dylib"; name = libz.1.2.5.dylib; path = usr/lib/libz.1.2.5.dylib; sourceTree = SDKROOT; };
/* End PBXFileReference section */

/* Begin PBXFrameworksBuildPhase section */
		2A7B654B146078DF005679FF /* Frameworks */ = {
			isa = PBXFrameworksBuildPhase;
			buildActionMask = 2147483647;
			files = (
				2A7B65DD1460957A005679FF /* libz.1.2.5.dylib in Frameworks */,
				2A7B65DB14609569005679FF /* CFNetwork.framework in Frameworks */,
				2A7B659214608FEB005679FF /* SystemConfiguration.framework in Frameworks */,
				2A7B659014608FDE005679FF /* MobileCoreServices.framework in Frameworks */,
				2A7B658E14608FC5005679FF /* Twitter.framework in Frameworks */,
				2A7B6589146081E8005679FF /* CoreLocation.framework in Frameworks */,
				2A7B65871460810D005679FF /* MapKit.framework in Frameworks */,
				2A7B6553146078DF005679FF /* UIKit.framework in Frameworks */,
				2A7B6555146078DF005679FF /* Foundation.framework in Frameworks */,
				2A7B6557146078DF005679FF /* CoreGraphics.framework in Frameworks */,
			);
			runOnlyForDeploymentPostprocessing = 0;
		};
/* End PBXFrameworksBuildPhase section */

/* Begin PBXGroup section */
		2A276FC914618F3800D7BFE2 /* ASIHTTPRequest */ = {
			isa = PBXGroup;
			children = (
				2A276FCD14618F6700D7BFE2 /* ASIAuthenticationDialog.h */,
				2A276FCE14618F6700D7BFE2 /* ASIAuthenticationDialog.m */,
				2A276FCF14618F6700D7BFE2 /* ASICacheDelegate.h */,
				2A276FD014618F6700D7BFE2 /* ASIDataCompressor.h */,
				2A276FD114618F6700D7BFE2 /* ASIDataCompressor.m */,
				2A276FD214618F6700D7BFE2 /* ASIDataDecompressor.h */,
				2A276FD314618F6700D7BFE2 /* ASIDataDecompressor.m */,
				2A276FD414618F6700D7BFE2 /* ASIDownloadCache.h */,
				2A276FD514618F6700D7BFE2 /* ASIDownloadCache.m */,
				2A276FD614618F6700D7BFE2 /* ASIFormDataRequest.h */,
				2A276FD714618F6700D7BFE2 /* ASIFormDataRequest.m */,
				2A276FD814618F6700D7BFE2 /* ASIHTTPRequest.h */,
				2A276FD914618F6700D7BFE2 /* ASIHTTPRequest.m */,
				2A276FDA14618F6700D7BFE2 /* ASIHTTPRequestConfig.h */,
				2A276FDB14618F6700D7BFE2 /* ASIHTTPRequestDelegate.h */,
				2A276FDC14618F6700D7BFE2 /* ASIInputStream.h */,
				2A276FDD14618F6700D7BFE2 /* ASIInputStream.m */,
				2A276FDE14618F6700D7BFE2 /* ASINetworkQueue.h */,
				2A276FDF14618F6700D7BFE2 /* ASINetworkQueue.m */,
				2A276FE014618F6700D7BFE2 /* ASIProgressDelegate.h */,
				2A276FCA14618F4800D7BFE2 /* Reachability.h */,
				2A276FCB14618F4800D7BFE2 /* Reachability.m */,
			);
			name = ASIHTTPRequest;
			sourceTree = "<group>";
		};
		2A7B6543146078DE005679FF = {
			isa = PBXGroup;
			children = (
				2A276FC914618F3800D7BFE2 /* ASIHTTPRequest */,
				2A7B65DE1460968C005679FF /* JSON */,
				2A7B6558146078DF005679FF /* RinksideDev2 */,
				2A7B6551146078DF005679FF /* Frameworks */,
				2A7B654F146078DF005679FF /* Products */,
			);
			sourceTree = "<group>";
		};
		2A7B654F146078DF005679FF /* Products */ = {
			isa = PBXGroup;
			children = (
				2A7B654E146078DF005679FF /* RinksideDev2.app */,
			);
			name = Products;
			sourceTree = "<group>";
		};
		2A7B6551146078DF005679FF /* Frameworks */ = {
			isa = PBXGroup;
			children = (
				2A7B65DC1460957A005679FF /* libz.1.2.5.dylib */,
				2A7B65DA14609569005679FF /* CFNetwork.framework */,
				2A7B659114608FEB005679FF /* SystemConfiguration.framework */,
				2A7B658F14608FDE005679FF /* MobileCoreServices.framework */,
				2A7B658D14608FC4005679FF /* Twitter.framework */,
				2A7B6588146081E8005679FF /* CoreLocation.framework */,
				2A7B65861460810D005679FF /* MapKit.framework */,
				2A7B6552146078DF005679FF /* UIKit.framework */,
				2A7B6554146078DF005679FF /* Foundation.framework */,
				2A7B6556146078DF005679FF /* CoreGraphics.framework */,
			);
			name = Frameworks;
			sourceTree = "<group>";
		};
		2A7B6558146078DF005679FF /* RinksideDev2 */ = {
			isa = PBXGroup;
			children = (
				2A5C5332146195CA00C35082 /* MyLocation.h */,
				2A5C5333146195CA00C35082 /* MyLocation.m */,
				2A7B6561146078DF005679FF /* AppDelegate.h */,
				2A7B6562146078DF005679FF /* AppDelegate.m */,
				2A7B6564146078DF005679FF /* MainStoryboard_iPhone.storyboard */,
				2A7B6567146078DF005679FF /* MainStoryboard_iPad.storyboard */,
				2A7B656D146078DF005679FF /* first.png */,
				2A7B656F146078DF005679FF /* first@2x.png */,
				2A7B6574146078DF005679FF /* second.png */,
				2A7B6576146078DF005679FF /* second@2x.png */,
				2A7B6559146078DF005679FF /* Supporting Files */,
				2A7B657D14607ACC005679FF /* RinksViewController.h */,
				2A7B657E14607ACC005679FF /* RinksViewController.m */,
				2A7B658014607ADD005679FF /* FiltersViewController.h */,
				2A7B658114607ADD005679FF /* FiltersViewController.m */,
				2A7B658314607AEA005679FF /* AboutViewController.h */,
				2A7B658414607AEA005679FF /* AboutViewController.m */,
				2A7B658A146082F4005679FF /* Map.h */,
				2A7B658B146082F4005679FF /* Map.m */,
			);
			path = RinksideDev2;
			sourceTree = "<group>";
		};
		2A7B6559146078DF005679FF /* Supporting Files */ = {
			isa = PBXGroup;
			children = (
				2A7B655A146078DF005679FF /* RinksideDev2-Info.plist */,
				2A7B655B146078DF005679FF /* InfoPlist.strings */,
				2A7B655E146078DF005679FF /* main.m */,
				2A7B6560146078DF005679FF /* RinksideDev2-Prefix.pch */,
			);
			name = "Supporting Files";
			sourceTree = "<group>";
		};
		2A7B65DE1460968C005679FF /* JSON */ = {
			isa = PBXGroup;
			children = (
				2A276F0F14618BDE00D7BFE2 /* SBJson.h */,
				2A276F1014618BDE00D7BFE2 /* SBJsonParser.h */,
				2A276F1114618BDE00D7BFE2 /* SBJsonParser.m */,
				2A276F1214618BDE00D7BFE2 /* SBJsonStreamParser.h */,
				2A276F1314618BDE00D7BFE2 /* SBJsonStreamParser.m */,
				2A276F1414618BDE00D7BFE2 /* SBJsonStreamParserAccumulator.h */,
				2A276F1514618BDE00D7BFE2 /* SBJsonStreamParserAccumulator.m */,
				2A276F1614618BDE00D7BFE2 /* SBJsonStreamParserAdapter.h */,
				2A276F1714618BDE00D7BFE2 /* SBJsonStreamParserAdapter.m */,
				2A276F1814618BDE00D7BFE2 /* SBJsonStreamParserState.h */,
				2A276F1914618BDE00D7BFE2 /* SBJsonStreamParserState.m */,
				2A276F1A14618BDE00D7BFE2 /* SBJsonStreamWriter.h */,
				2A276F1B14618BDE00D7BFE2 /* SBJsonStreamWriter.m */,
				2A276F1C14618BDE00D7BFE2 /* SBJsonStreamWriterAccumulator.h */,
				2A276F1D14618BDE00D7BFE2 /* SBJsonStreamWriterAccumulator.m */,
				2A276F1E14618BDE00D7BFE2 /* SBJsonStreamWriterState.h */,
				2A276F1F14618BDE00D7BFE2 /* SBJsonStreamWriterState.m */,
				2A276F2014618BDE00D7BFE2 /* SBJsonTokeniser.h */,
				2A276F2114618BDE00D7BFE2 /* SBJsonTokeniser.m */,
				2A276F2214618BDE00D7BFE2 /* SBJsonUTF8Stream.h */,
				2A276F2314618BDE00D7BFE2 /* SBJsonUTF8Stream.m */,
				2A276F2414618BDE00D7BFE2 /* SBJsonWriter.h */,
				2A276F2514618BDE00D7BFE2 /* SBJsonWriter.m */,
				2A276F0B14618BD400D7BFE2 /* NSObject+SBJson.h */,
				2A276F0C14618BD400D7BFE2 /* NSObject+SBJson.m */,
			);
			name = JSON;
			sourceTree = "<group>";
		};
/* End PBXGroup section */

/* Begin PBXNativeTarget section */
		2A7B654D146078DF005679FF /* RinksideDev2 */ = {
			isa = PBXNativeTarget;
			buildConfigurationList = 2A7B657A146078DF005679FF /* Build configuration list for PBXNativeTarget "RinksideDev2" */;
			buildPhases = (
				2A7B654A146078DF005679FF /* Sources */,
				2A7B654B146078DF005679FF /* Frameworks */,
				2A7B654C146078DF005679FF /* Resources */,
			);
			buildRules = (
			);
			dependencies = (
			);
			name = RinksideDev2;
			productName = RinksideDev2;
			productReference = 2A7B654E146078DF005679FF /* RinksideDev2.app */;
			productType = "com.apple.product-type.application";
		};
/* End PBXNativeTarget section */

/* Begin PBXProject section */
		2A7B6545146078DE005679FF /* Project object */ = {
			isa = PBXProject;
			attributes = {
				LastUpgradeCheck = 0420;
				ORGANIZATIONNAME = "In-touch Survey Inc";
			};
			buildConfigurationList = 2A7B6548146078DE005679FF /* Build configuration list for PBXProject "RinksideDev2" */;
			compatibilityVersion = "Xcode 3.2";
			developmentRegion = English;
			hasScannedForEncodings = 0;
			knownRegions = (
				en,
			);
			mainGroup = 2A7B6543146078DE005679FF;
			productRefGroup = 2A7B654F146078DF005679FF /* Products */;
			projectDirPath = "";
			projectRoot = "";
			targets = (
				2A7B654D146078DF005679FF /* RinksideDev2 */,
			);
		};
/* End PBXProject section */

/* Begin PBXResourcesBuildPhase section */
		2A7B654C146078DF005679FF /* Resources */ = {
			isa = PBXResourcesBuildPhase;
			buildActionMask = 2147483647;
			files = (
				2A7B655D146078DF005679FF /* InfoPlist.strings in Resources */,
				2A7B6566146078DF005679FF /* MainStoryboard_iPhone.storyboard in Resources */,
				2A7B6569146078DF005679FF /* MainStoryboard_iPad.storyboard in Resources */,
				2A7B656E146078DF005679FF /* first.png in Resources */,
				2A7B6570146078DF005679FF /* first@2x.png in Resources */,
				2A7B6575146078DF005679FF /* second.png in Resources */,
				2A7B6577146078DF005679FF /* second@2x.png in Resources */,
			);
			runOnlyForDeploymentPostprocessing = 0;
		};
/* End PBXResourcesBuildPhase section */

/* Begin PBXSourcesBuildPhase section */
		2A7B654A146078DF005679FF /* Sources */ = {
			isa = PBXSourcesBuildPhase;
			buildActionMask = 2147483647;
			files = (
				2A7B655F146078DF005679FF /* main.m in Sources */,
				2A7B6563146078DF005679FF /* AppDelegate.m in Sources */,
				2A7B657F14607ACC005679FF /* RinksViewController.m in Sources */,
				2A7B658214607ADD005679FF /* FiltersViewController.m in Sources */,
				2A7B658514607AEA005679FF /* AboutViewController.m in Sources */,
				2A7B658C146082F4005679FF /* Map.m in Sources */,
				2A276F0D14618BD400D7BFE2 /* NSObject+SBJson.m in Sources */,
				2A276F2614618BDE00D7BFE2 /* SBJsonParser.m in Sources */,
				2A276F2714618BDE00D7BFE2 /* SBJsonStreamParser.m in Sources */,
				2A276F2814618BDE00D7BFE2 /* SBJsonStreamParserAccumulator.m in Sources */,
				2A276F2914618BDE00D7BFE2 /* SBJsonStreamParserAdapter.m in Sources */,
				2A276F2A14618BDE00D7BFE2 /* SBJsonStreamParserState.m in Sources */,
				2A276F2B14618BDE00D7BFE2 /* SBJsonStreamWriter.m in Sources */,
				2A276F2C14618BDE00D7BFE2 /* SBJsonStreamWriterAccumulator.m in Sources */,
				2A276F2D14618BDE00D7BFE2 /* SBJsonStreamWriterState.m in Sources */,
				2A276F2E14618BDE00D7BFE2 /* SBJsonTokeniser.m in Sources */,
				2A276F2F14618BDE00D7BFE2 /* SBJsonUTF8Stream.m in Sources */,
				2A276F3014618BDE00D7BFE2 /* SBJsonWriter.m in Sources */,
				2A276FCC14618F4800D7BFE2 /* Reachability.m in Sources */,
				2A276FE314618F6700D7BFE2 /* ASIAuthenticationDialog.m in Sources */,
				2A276FE414618F6700D7BFE2 /* ASIDataCompressor.m in Sources */,
				2A276FE514618F6700D7BFE2 /* ASIDataDecompressor.m in Sources */,
				2A276FE614618F6700D7BFE2 /* ASIDownloadCache.m in Sources */,
				2A276FE714618F6700D7BFE2 /* ASIFormDataRequest.m in Sources */,
				2A276FE814618F6700D7BFE2 /* ASIHTTPRequest.m in Sources */,
				2A276FE914618F6700D7BFE2 /* ASIInputStream.m in Sources */,
				2A276FEA14618F6700D7BFE2 /* ASINetworkQueue.m in Sources */,
				2A5C5334146195CA00C35082 /* MyLocation.m in Sources */,
			);
			runOnlyForDeploymentPostprocessing = 0;
		};
/* End PBXSourcesBuildPhase section */

/* Begin PBXVariantGroup section */
		2A7B655B146078DF005679FF /* InfoPlist.strings */ = {
			isa = PBXVariantGroup;
			children = (
				2A7B655C146078DF005679FF /* en */,
			);
			name = InfoPlist.strings;
			sourceTree = "<group>";
		};
		2A7B6564146078DF005679FF /* MainStoryboard_iPhone.storyboard */ = {
			isa = PBXVariantGroup;
			children = (
				2A7B6565146078DF005679FF /* en */,
			);
			name = MainStoryboard_iPhone.storyboard;
			sourceTree = "<group>";
		};
		2A7B6567146078DF005679FF /* MainStoryboard_iPad.storyboard */ = {
			isa = PBXVariantGroup;
			children = (
				2A7B6568146078DF005679FF /* en */,
			);
			name = MainStoryboard_iPad.storyboard;
			sourceTree = "<group>";
		};
/* End PBXVariantGroup section */

/* Begin XCBuildConfiguration section */
		2A7B6578146078DF005679FF /* Debug */ = {
			isa = XCBuildConfiguration;
			buildSettings = {
				ALWAYS_SEARCH_USER_PATHS = NO;
				ARCHS = "$(ARCHS_STANDARD_32_BIT)";
				CLANG_ENABLE_OBJC_ARC = YES;
				"CODE_SIGN_IDENTITY[sdk=iphoneos*]" = "iPhone Developer";
				COPY_PHASE_STRIP = NO;
				GCC_C_LANGUAGE_STANDARD = gnu99;
				GCC_DYNAMIC_NO_PIC = NO;
				GCC_OPTIMIZATION_LEVEL = 0;
				GCC_PREPROCESSOR_DEFINITIONS = (
					"DEBUG=1",
					"$(inherited)",
				);
				GCC_SYMBOLS_PRIVATE_EXTERN = NO;
				GCC_VERSION = com.apple.compilers.llvm.clang.1_0;
				GCC_WARN_ABOUT_MISSING_PROTOTYPES = YES;
				GCC_WARN_ABOUT_RETURN_TYPE = YES;
				GCC_WARN_UNUSED_VARIABLE = YES;
				IPHONEOS_DEPLOYMENT_TARGET = 5.0;
				SDKROOT = iphoneos;
				TARGETED_DEVICE_FAMILY = "1,2";
			};
			name = Debug;
		};
		2A7B6579146078DF005679FF /* Release */ = {
			isa = XCBuildConfiguration;
			buildSettings = {
				ALWAYS_SEARCH_USER_PATHS = NO;
				ARCHS = "$(ARCHS_STANDARD_32_BIT)";
				CLANG_ENABLE_OBJC_ARC = YES;
				"CODE_SIGN_IDENTITY[sdk=iphoneos*]" = "iPhone Developer";
				COPY_PHASE_STRIP = YES;
				GCC_C_LANGUAGE_STANDARD = gnu99;
				GCC_VERSION = com.apple.compilers.llvm.clang.1_0;
				GCC_WARN_ABOUT_MISSING_PROTOTYPES = YES;
				GCC_WARN_ABOUT_RETURN_TYPE = YES;
				GCC_WARN_UNUSED_VARIABLE = YES;
				IPHONEOS_DEPLOYMENT_TARGET = 5.0;
				OTHER_CFLAGS = "-DNS_BLOCK_ASSERTIONS=1";
				SDKROOT = iphoneos;
				TARGETED_DEVICE_FAMILY = "1,2";
				VALIDATE_PRODUCT = YES;
			};
			name = Release;
		};
		2A7B657B146078DF005679FF /* Debug */ = {
			isa = XCBuildConfiguration;
			buildSettings = {
				GCC_PRECOMPILE_PREFIX_HEADER = YES;
				GCC_PREFIX_HEADER = "RinksideDev2/RinksideDev2-Prefix.pch";
				INFOPLIST_FILE = "RinksideDev2/RinksideDev2-Info.plist";
				PRODUCT_NAME = "$(TARGET_NAME)";
				WRAPPER_EXTENSION = app;
			};
			name = Debug;
		};
		2A7B657C146078DF005679FF /* Release */ = {
			isa = XCBuildConfiguration;
			buildSettings = {
				GCC_PRECOMPILE_PREFIX_HEADER = YES;
				GCC_PREFIX_HEADER = "RinksideDev2/RinksideDev2-Prefix.pch";
				INFOPLIST_FILE = "RinksideDev2/RinksideDev2-Info.plist";
				PRODUCT_NAME = "$(TARGET_NAME)";
				WRAPPER_EXTENSION = app;
			};
			name = Release;
		};
/* End XCBuildConfiguration section */

/* Begin XCConfigurationList section */
		2A7B6548146078DE005679FF /* Build configuration list for PBXProject "RinksideDev2" */ = {
			isa = XCConfigurationList;
			buildConfigurations = (
				2A7B6578146078DF005679FF /* Debug */,
				2A7B6579146078DF005679FF /* Release */,
			);
			defaultConfigurationIsVisible = 0;
			defaultConfigurationName = Release;
		};
		2A7B657A146078DF005679FF /* Build configuration list for PBXNativeTarget "RinksideDev2" */ = {
			isa = XCConfigurationList;
			buildConfigurations = (
				2A7B657B146078DF005679FF /* Debug */,
				2A7B657C146078DF005679FF /* Release */,
			);
			defaultConfigurationIsVisible = 0;
			defaultConfigurationName = Release;
		};
/* End XCConfigurationList section */
	};
	rootObject = 2A7B6545146078DE005679FF /* Project object */;
}
